
Microsoft Visual Studio Solution File, Format Version 12.00
# Visual Studio Version 17
VisualStudioVersion = 17.14.36623.8
MinimumVisualStudioVersion = 10.0.40219.1
Project("{FAE04EC0-301F-11D3-BF4B-00C04F79EFBC}") = "StartWithFryingPan", "StartWithFryingPan.csproj", "{FABB92F3-FCD9-4B44-843A-0797123892FB}"
EndProject
Project("{FAE04EC0-301F-11D3-BF4B-00C04F79EFBC}") = "Assembly-CSharp", "..\..\..\Documents\Osmar\vida\proyectos\REPO_PassiveEnergy\repo_decompiled_code\Assembly-CSharp.csproj", "{FDC54380-4296-7973-65D1-9B95CB4CD517}"
EndProject
Global
	GlobalSection(SolutionConfigurationPlatforms) = preSolution
		Debug|Any CPU = Debug|Any CPU
		Release|Any CPU = Release|Any CPU
	EndGlobalSection
	GlobalSection(ProjectConfigurationPlatforms) = postSolution
		{FABB92F3-FCD9-4B44-843A-0797123892FB}.Debug|Any CPU.ActiveCfg = Debug|Any CPU
		{FABB92F3-FCD9-4B44-843A-0797123892FB}.Debug|Any CPU.Build.0 = Debug|Any CPU
		{FABB92F3-FCD9-4B44-843A-0797123892FB}.Release|Any CPU.ActiveCfg = Release|Any CPU
		{FABB92F3-FCD9-4B44-843A-0797123892FB}.Release|Any CPU.Build.0 = Release|Any CPU
		{FDC54380-4296-7973-65D1-9B95CB4CD517}.Debug|Any CPU.ActiveCfg = Debug|Any CPU
		{FDC54380-4296-7973-65D1-9B95CB4CD517}.Release|Any CPU.ActiveCfg = Release|Any CPU
		{FDC54380-4296-7973-65D1-9B95CB4CD517}.Release|Any CPU.Build.0 = Release|Any CPU
	EndGlobalSection
	GlobalSection(SolutionProperties) = preSolution
		HideSolutionNode = FALSE
	EndGlobalSection
	GlobalSection(ExtensibilityGlobals) = postSolution
		SolutionGuid = {5B147D92-8A25-4875-94B9-936F4AEBDA9E}
	EndGlobalSection
EndGlobal
